
Microsoft Visual Studio Solution File, Format Version 12.00
# Visual Studio Version 17
VisualStudioVersion = 17.8.34309.116
MinimumVisualStudioVersion = 10.0.40219.1
Project("{FAE04EC0-301F-11D3-BF4B-00C04F79EFBC}") = "LibrarySystem.Server", "LibrarySystem.Server\LibrarySystem.Server.csproj", "{11D54164-D2C4-4C3B-B39C-4A42366D905E}"
EndProject
Project("{54A90642-561A-4BB1-A94E-469ADEE60C69}") = "librarysystem.client", "librarysystem.client\librarysystem.client.esproj", "{85CE240D-D264-4E80-8A80-620F286A3E29}"
EndProject
Project("{FAE04EC0-301F-11D3-BF4B-00C04F79EFBC}") = "LibrarySystem.Domain", "LibrarySystem.Domain\LibrarySystem.Domain.csproj", "{EB2E3418-6A07-4F15-A684-20FB59B2C1DE}"
EndProject
Project("{FAE04EC0-301F-11D3-BF4B-00C04F79EFBC}") = "LibrarySystem.Infrastructure", "LibrarySystem.Infrastructure\LibrarySystem.Infrastructure.csproj", "{2CBE0D82-ECCA-45C1-B8A2-9C90DDDDB633}"
EndProject
Project("{FAE04EC0-301F-11D3-BF4B-00C04F79EFBC}") = "LibrarySystem.Shared", "LibrarySystem.Shared\LibrarySystem.Shared.csproj", "{67B93ADA-18E4-4531-9BA0-4AB5F0994028}"
EndProject
Project("{FAE04EC0-301F-11D3-BF4B-00C04F79EFBC}") = "LibrarySystem.Application", "LibrarySystem.Application\LibrarySystem.Application.csproj", "{165B4A10-D48F-4D1A-8DAD-2611372E490B}"
EndProject
Project("{2150E333-8FDC-42A3-9474-1A3956D46DE8}") = "Tests", "Tests", "{399FD8A9-16A6-46E1-9E56-DEAF9D467DBC}"
EndProject
Project("{FAE04EC0-301F-11D3-BF4B-00C04F79EFBC}") = "LibrarySystem.Tests.Controllers", "LibrarySystem.Tests.Controllers\LibrarySystem.Tests.Controllers.csproj", "{633BC6E6-AC64-4BBD-938A-D2A207948C49}"
EndProject
Project("{FAE04EC0-301F-11D3-BF4B-00C04F79EFBC}") = "LibrarySystem.Tests.Application", "LibrarySystem.Tests.Application\LibrarySystem.Tests.Application.csproj", "{36D8632D-9DC1-43D5-98AA-27309528503A}"
EndProject
Global
	GlobalSection(SolutionConfigurationPlatforms) = preSolution
		Debug|Any CPU = Debug|Any CPU
		Release|Any CPU = Release|Any CPU
	EndGlobalSection
	GlobalSection(ProjectConfigurationPlatforms) = postSolution
		{11D54164-D2C4-4C3B-B39C-4A42366D905E}.Debug|Any CPU.ActiveCfg = Debug|Any CPU
		{11D54164-D2C4-4C3B-B39C-4A42366D905E}.Debug|Any CPU.Build.0 = Debug|Any CPU
		{11D54164-D2C4-4C3B-B39C-4A42366D905E}.Release|Any CPU.ActiveCfg = Release|Any CPU
		{11D54164-D2C4-4C3B-B39C-4A42366D905E}.Release|Any CPU.Build.0 = Release|Any CPU
		{85CE240D-D264-4E80-8A80-620F286A3E29}.Debug|Any CPU.ActiveCfg = Debug|Any CPU
		{85CE240D-D264-4E80-8A80-620F286A3E29}.Debug|Any CPU.Build.0 = Debug|Any CPU
		{85CE240D-D264-4E80-8A80-620F286A3E29}.Debug|Any CPU.Deploy.0 = Debug|Any CPU
		{85CE240D-D264-4E80-8A80-620F286A3E29}.Release|Any CPU.ActiveCfg = Release|Any CPU
		{85CE240D-D264-4E80-8A80-620F286A3E29}.Release|Any CPU.Build.0 = Release|Any CPU
		{85CE240D-D264-4E80-8A80-620F286A3E29}.Release|Any CPU.Deploy.0 = Release|Any CPU
		{EB2E3418-6A07-4F15-A684-20FB59B2C1DE}.Debug|Any CPU.ActiveCfg = Debug|Any CPU
		{EB2E3418-6A07-4F15-A684-20FB59B2C1DE}.Debug|Any CPU.Build.0 = Debug|Any CPU
		{EB2E3418-6A07-4F15-A684-20FB59B2C1DE}.Release|Any CPU.ActiveCfg = Release|Any CPU
		{EB2E3418-6A07-4F15-A684-20FB59B2C1DE}.Release|Any CPU.Build.0 = Release|Any CPU
		{2CBE0D82-ECCA-45C1-B8A2-9C90DDDDB633}.Debug|Any CPU.ActiveCfg = Debug|Any CPU
		{2CBE0D82-ECCA-45C1-B8A2-9C90DDDDB633}.Debug|Any CPU.Build.0 = Debug|Any CPU
		{2CBE0D82-ECCA-45C1-B8A2-9C90DDDDB633}.Release|Any CPU.ActiveCfg = Release|Any CPU
		{2CBE0D82-ECCA-45C1-B8A2-9C90DDDDB633}.Release|Any CPU.Build.0 = Release|Any CPU
		{67B93ADA-18E4-4531-9BA0-4AB5F0994028}.Debug|Any CPU.ActiveCfg = Debug|Any CPU
		{67B93ADA-18E4-4531-9BA0-4AB5F0994028}.Debug|Any CPU.Build.0 = Debug|Any CPU
		{67B93ADA-18E4-4531-9BA0-4AB5F0994028}.Release|Any CPU.ActiveCfg = Release|Any CPU
		{67B93ADA-18E4-4531-9BA0-4AB5F0994028}.Release|Any CPU.Build.0 = Release|Any CPU
		{165B4A10-D48F-4D1A-8DAD-2611372E490B}.Debug|Any CPU.ActiveCfg = Debug|Any CPU
		{165B4A10-D48F-4D1A-8DAD-2611372E490B}.Debug|Any CPU.Build.0 = Debug|Any CPU
		{165B4A10-D48F-4D1A-8DAD-2611372E490B}.Release|Any CPU.ActiveCfg = Release|Any CPU
		{165B4A10-D48F-4D1A-8DAD-2611372E490B}.Release|Any CPU.Build.0 = Release|Any CPU
		{633BC6E6-AC64-4BBD-938A-D2A207948C49}.Debug|Any CPU.ActiveCfg = Debug|Any CPU
		{633BC6E6-AC64-4BBD-938A-D2A207948C49}.Debug|Any CPU.Build.0 = Debug|Any CPU
		{633BC6E6-AC64-4BBD-938A-D2A207948C49}.Release|Any CPU.ActiveCfg = Release|Any CPU
		{633BC6E6-AC64-4BBD-938A-D2A207948C49}.Release|Any CPU.Build.0 = Release|Any CPU
		{36D8632D-9DC1-43D5-98AA-27309528503A}.Debug|Any CPU.ActiveCfg = Debug|Any CPU
		{36D8632D-9DC1-43D5-98AA-27309528503A}.Debug|Any CPU.Build.0 = Debug|Any CPU
		{36D8632D-9DC1-43D5-98AA-27309528503A}.Release|Any CPU.ActiveCfg = Release|Any CPU
		{36D8632D-9DC1-43D5-98AA-27309528503A}.Release|Any CPU.Build.0 = Release|Any CPU
	EndGlobalSection
	GlobalSection(SolutionProperties) = preSolution
		HideSolutionNode = FALSE
	EndGlobalSection
	GlobalSection(NestedProjects) = preSolution
		{633BC6E6-AC64-4BBD-938A-D2A207948C49} = {399FD8A9-16A6-46E1-9E56-DEAF9D467DBC}
		{36D8632D-9DC1-43D5-98AA-27309528503A} = {399FD8A9-16A6-46E1-9E56-DEAF9D467DBC}
	EndGlobalSection
	GlobalSection(ExtensibilityGlobals) = postSolution
		SolutionGuid = {148B1749-5017-47D3-AA38-D4D71C6798B6}
	EndGlobalSection
EndGlobal
